{
  "name": "recursion",
  "version": "1.0.0",
  "lockfileVersion": 1,
  "requires": true,
  "dependencies": {
    "@types/acorn": {
      "version": "4.0.3",
      "resolved": "https://registry.npmjs.org/@types/acorn/-/acorn-4.0.3.tgz",
      "integrity": "sha512-gou/kWQkGPMZjdCKNZGDpqxLm9+ErG/pFZKPX4tvCjr0Xf4FCYYX3nAsu7aDVKJV3KUe27+mvqqyWT/9VZoM/A==",
      "requires": {
        "@types/estree": "*"
      }
    },
    "@types/esprima": {
      "version": "4.0.2",
      "resolved": "https://registry.npmjs.org/@types/esprima/-/esprima-4.0.2.tgz",
      "integrity": "sha512-DKqdyuy7Go7ir6iKhZ0jUvgt/h9Q5zb9xS+fLeeXD2QSHv8gC6TimgujBBGfw8dHrpx4+u2HlMv7pkYOOfuUqg==",
      "requires": {
        "@types/estree": "*"
      }
    },
    "@types/estree": {
      "version": "0.0.39",
      "resolved": "https://registry.npmjs.org/@types/estree/-/estree-0.0.39.tgz",
      "integrity": "sha512-EYNwp3bU+98cpU4lAWYYL7Zz+2gryWH1qbdDTidVd6hkiR6weksdbMadyXKXNPEkQFhXM+hVO9ZygomHXp+AIw=="
    },
    "@types/lodash": {
      "version": "4.14.119",
      "resolved": "https://registry.npmjs.org/@types/lodash/-/lodash-4.14.119.tgz",
      "integrity": "sha512-Z3TNyBL8Vd/M9D9Ms2S3LmFq2sSMzahodD6rCS9V2N44HUMINb75jNkSuwAx7eo2ufqTdfOdtGQpNbieUjPQmw=="
    },
    "@types/node": {
      "version": "10.12.12",
      "resolved": "https://registry.npmjs.org/@types/node/-/node-10.12.12.tgz",
      "integrity": "sha512-Pr+6JRiKkfsFvmU/LK68oBRCQeEg36TyAbPhc2xpez24OOZZCuoIhWGTd39VZy6nGafSbxzGouFPTFD/rR1A0A=="
    },
    "acorn": {
      "version": "6.0.4",
      "resolved": "https://registry.npmjs.org/acorn/-/acorn-6.0.4.tgz",
      "integrity": "sha512-VY4i5EKSKkofY2I+6QLTbTTN/UvEQPCo6eiwzzSaSWfpaDhOmStMCMod6wmuPciNq+XS0faCglFu2lHZpdHUtg=="
    },
    "esprima": {
      "version": "4.0.1",
      "resolved": "https://registry.npmjs.org/esprima/-/esprima-4.0.1.tgz",
      "integrity": "sha512-eGuFFw7Upda+g4p+QHvnW0RyTX/SVeJBDM/gCtMARO0cLuT2HcEKnTPvhjV6aGeqrCB/sbNop0Kszm0jsaWU4A=="
    },
    "lodash": {
      "version": "4.17.11",
      "resolved": "https://registry.npmjs.org/lodash/-/lodash-4.17.11.tgz",
      "integrity": "sha512-cQKh8igo5QUhZ7lg38DYWAxMvjSAKG0A8wGSVimP07SIUEK2UO+arSRKbRZWtelMtN5V0Hkwh5ryOto/SshYIg=="
    }
  }
}
